
Microsoft Visual Studio Solution File, Format Version 12.00
# Visual Studio Version 17
VisualStudioVersion = 17.14.36908.2 d17.14
MinimumVisualStudioVersion = 10.0.40219.1
Project("{8BC9CEB8-8B4A-11D0-8D11-00A0C91BC942}") = "Route Bank System", "Route Bank System\Route Bank System.vcxproj", "{3F65391D-D1F9-4F31-80AA-5944AA03E8B5}"
EndProject
Global
	GlobalSection(SolutionConfigurationPlatforms) = preSolution
		Debug|x64 = Debug|x64
		Debug|x86 = Debug|x86
		Release|x64 = Release|x64
		Release|x86 = Release|x86
	EndGlobalSection
	GlobalSection(ProjectConfigurationPlatforms) = postSolution
		{3F65391D-D1F9-4F31-80AA-5944AA03E8B5}.Debug|x64.ActiveCfg = Debug|x64
		{3F65391D-D1F9-4F31-80AA-5944AA03E8B5}.Debug|x64.Build.0 = Debug|x64
		{3F65391D-D1F9-4F31-80AA-5944AA03E8B5}.Debug|x86.ActiveCfg = Debug|Win32
		{3F65391D-D1F9-4F31-80AA-5944AA03E8B5}.Debug|x86.Build.0 = Debug|Win32
		{3F65391D-D1F9-4F31-80AA-5944AA03E8B5}.Release|x64.ActiveCfg = Release|x64
		{3F65391D-D1F9-4F31-80AA-5944AA03E8B5}.Release|x64.Build.0 = Release|x64
		{3F65391D-D1F9-4F31-80AA-5944AA03E8B5}.Release|x86.ActiveCfg = Release|Win32
		{3F65391D-D1F9-4F31-80AA-5944AA03E8B5}.Release|x86.Build.0 = Release|Win32
	EndGlobalSection
	GlobalSection(SolutionProperties) = preSolution
		HideSolutionNode = FALSE
	EndGlobalSection
	GlobalSection(ExtensibilityGlobals) = postSolution
		SolutionGuid = {98F9E7D9-54E2-402B-96FA-F6B805033C28}
	EndGlobalSection
EndGlobal
